
Microsoft Visual Studio Solution File, Format Version 12.00
# Visual Studio 15
VisualStudioVersion = 15.0.28010.2036
MinimumVisualStudioVersion = 10.0.40219.1
Project("{FAE04EC0-301F-11D3-BF4B-00C04F79EFBC}") = "A3SatwinderSinghP2", "A3SatwinderSinghP2\A3SatwinderSinghP2.csproj", "{0F8D23E8-F65E-419C-B42B-6CAF7B5F473F}"
EndProject
Global
	GlobalSection(SolutionConfigurationPlatforms) = preSolution
		Debug|Any CPU = Debug|Any CPU
		Release|Any CPU = Release|Any CPU
	EndGlobalSection
	GlobalSection(ProjectConfigurationPlatforms) = postSolution
		{0F8D23E8-F65E-419C-B42B-6CAF7B5F473F}.Debug|Any CPU.ActiveCfg = Debug|Any CPU
		{0F8D23E8-F65E-419C-B42B-6CAF7B5F473F}.Debug|Any CPU.Build.0 = Debug|Any CPU
		{0F8D23E8-F65E-419C-B42B-6CAF7B5F473F}.Release|Any CPU.ActiveCfg = Release|Any CPU
		{0F8D23E8-F65E-419C-B42B-6CAF7B5F473F}.Release|Any CPU.Build.0 = Release|Any CPU
	EndGlobalSection
	GlobalSection(SolutionProperties) = preSolution
		HideSolutionNode = FALSE
	EndGlobalSection
	GlobalSection(ExtensibilityGlobals) = postSolution
		SolutionGuid = {6F235FA9-FF4B-41AD-8266-ED1E2AD82414}
	EndGlobalSection
EndGlobal
